// !$*UTF8*$!
{
	archiveVersion = 1;
	classes = {
	};
	objectVersion = 46;
	objects = {

/* Begin PBXBuildFile section */
		390666CC1E89036800906A08 /* main.m in Sources */ = {isa = PBXBuildFile; fileRef = 390666CB1E89036800906A08 /* main.m */; };
		390666CF1E89036800906A08 /* AppDelegate.m in Sources */ = {isa = PBXBuildFile; fileRef = 390666CE1E89036800906A08 /* AppDelegate.m */; };
		390666D51E89036800906A08 /* Main.storyboard in Resources */ = {isa = PBXBuildFile; fileRef = 390666D31E89036800906A08 /* Main.storyboard */; };
		390666D71E89036800906A08 /* Assets.xcassets in Resources */ = {isa = PBXBuildFile; fileRef = 390666D61E89036800906A08 /* Assets.xcassets */; };
		390666DA1E89036800906A08 /* LaunchScreen.storyboard in Resources */ = {isa = PBXBuildFile; fileRef = 390666D81E89036800906A08 /* LaunchScreen.storyboard */; };
		390666E51E89036800906A08 /* baiduMapDemoTests.m in Sources */ = {isa = PBXBuildFile; fileRef = 390666E41E89036800906A08 /* baiduMapDemoTests.m */; };
		390666F01E89036800906A08 /* baiduMapDemoUITests.m in Sources */ = {isa = PBXBuildFile; fileRef = 390666EF1E89036800906A08 /* baiduMapDemoUITests.m */; };
		392CF4521E97425A00443F42 /* SQCarLocationModel.m in Sources */ = {isa = PBXBuildFile; fileRef = 392CF44C1E97425A00443F42 /* SQCarLocationModel.m */; };
		392CF4531E97425A00443F42 /* SQCarAnnotationView.m in Sources */ = {isa = PBXBuildFile; fileRef = 392CF44F1E97425A00443F42 /* SQCarAnnotationView.m */; };
		392CF4541E97425A00443F42 /* SQCustomPaoPaoView.m in Sources */ = {isa = PBXBuildFile; fileRef = 392CF4511E97425A00443F42 /* SQCustomPaoPaoView.m */; };
		392CF45B1E9742B700443F42 /* ViewController.m in Sources */ = {isa = PBXBuildFile; fileRef = 392CF45A1E9742B700443F42 /* ViewController.m */; };
		392CF4661E9742C800443F42 /* SQRoutePlanningVC.m in Sources */ = {isa = PBXBuildFile; fileRef = 392CF45F1E9742C800443F42 /* SQRoutePlanningVC.m */; };
		392CF4671E9742C800443F42 /* SQRouteAnnotation.m in Sources */ = {isa = PBXBuildFile; fileRef = 392CF4631E9742C800443F42 /* SQRouteAnnotation.m */; };
		392CF4681E9742C800443F42 /* SQRouteMapView.m in Sources */ = {isa = PBXBuildFile; fileRef = 392CF4651E9742C800443F42 /* SQRouteMapView.m */; };
		3939D5211E9CAC94000FDD4B /* SQPOISearchVC.m in Sources */ = {isa = PBXBuildFile; fileRef = 3939D5201E9CAC94000FDD4B /* SQPOISearchVC.m */; };
		3939D5241E9CB2E8000FDD4B /* SQPOIModel.m in Sources */ = {isa = PBXBuildFile; fileRef = 3939D5231E9CB2E8000FDD4B /* SQPOIModel.m */; };
		3939D5271E9CB4BD000FDD4B /* SQSearchListView.m in Sources */ = {isa = PBXBuildFile; fileRef = 3939D5261E9CB4BD000FDD4B /* SQSearchListView.m */; };
		3939D52A1E9CB4F1000FDD4B /* SQSelectAddressView.m in Sources */ = {isa = PBXBuildFile; fileRef = 3939D5291E9CB4F1000FDD4B /* SQSelectAddressView.m */; };
		3939D52F1E9CCE28000FDD4B /* SQPOIHelper.m in Sources */ = {isa = PBXBuildFile; fileRef = 3939D52E1E9CCE28000FDD4B /* SQPOIHelper.m */; };
		3961ABC41E95DC370098E679 /* DrivingRoutePlan in Resources */ = {isa = PBXBuildFile; fileRef = 3961ABC31E95DC370098E679 /* DrivingRoutePlan */; };
		39EE08DB1E8D0FE9000F5E89 /* carLocation.plist in Resources */ = {isa = PBXBuildFile; fileRef = 39EE08DA1E8D0FE9000F5E89 /* carLocation.plist */; };
		C899DD3C969094C294A0766F /* libPods-baiduMapDemo.a in Frameworks */ = {isa = PBXBuildFile; fileRef = 52807E486327990157DCE016 /* libPods-baiduMapDemo.a */; };
/* End PBXBuildFile section */

/* Begin PBXContainerItemProxy section */
		390666E11E89036800906A08 /* PBXContainerItemProxy */ = {
			isa = PBXContainerItemProxy;
			containerPortal = 390666BF1E89036800906A08 /* Project object */;
			proxyType = 1;
			remoteGlobalIDString = 390666C61E89036800906A08;
			remoteInfo = baiduMapDemo;
		};
		390666EC1E89036800906A08 /* PBXContainerItemProxy */ = {
			isa = PBXContainerItemProxy;
			containerPortal = 390666BF1E89036800906A08 /* Project object */;
			proxyType = 1;
			remoteGlobalIDString = 390666C61E89036800906A08;
			remoteInfo = baiduMapDemo;
		};
/* End PBXContainerItemProxy section */

/* Begin PBXFileReference section */
		1ADEC5F8041A422BC9B3592C /* Pods-baiduMapDemo.debug.xcconfig */ = {isa = PBXFileReference; includeInIndex = 1; lastKnownFileType = text.xcconfig; name = "Pods-baiduMapDemo.debug.xcconfig"; path = "Pods/Target Support Files/Pods-baiduMapDemo/Pods-baiduMapDemo.debug.xcconfig"; sourceTree = "<group>"; };
		390666C71E89036800906A08 /* baiduMapDemo.app */ = {isa = PBXFileReference; explicitFileType = wrapper.application; includeInIndex = 0; path = baiduMapDemo.app; sourceTree = BUILT_PRODUCTS_DIR; };
		390666CB1E89036800906A08 /* main.m */ = {isa = PBXFileReference; lastKnownFileType = sourcecode.c.objc; path = main.m; sourceTree = "<group>"; };
		390666CD1E89036800906A08 /* AppDelegate.h */ = {isa = PBXFileReference; lastKnownFileType = sourcecode.c.h; path = AppDelegate.h; sourceTree = "<group>"; };
		390666CE1E89036800906A08 /* AppDelegate.m */ = {isa = PBXFileReference; lastKnownFileType = sourcecode.c.objc; path = AppDelegate.m; sourceTree = "<group>"; };
		390666D41E89036800906A08 /* Base */ = {isa = PBXFileReference; lastKnownFileType = file.storyboard; name = Base; path = Base.lproj/Main.storyboard; sourceTree = "<group>"; };
		390666D61E89036800906A08 /* Assets.xcassets */ = {isa = PBXFileReference; lastKnownFileType = folder.assetcatalog; path = Assets.xcassets; sourceTree = "<group>"; };
		390666D91E89036800906A08 /* Base */ = {isa = PBXFileReference; lastKnownFileType = file.storyboard; name = Base; path = Base.lproj/LaunchScreen.storyboard; sourceTree = "<group>"; };
		390666DB1E89036800906A08 /* Info.plist */ = {isa = PBXFileReference; lastKnownFileType = text.plist.xml; path = Info.plist; sourceTree = "<group>"; };
		390666E01E89036800906A08 /* baiduMapDemoTests.xctest */ = {isa = PBXFileReference; explicitFileType = wrapper.cfbundle; includeInIndex = 0; path = baiduMapDemoTests.xctest; sourceTree = BUILT_PRODUCTS_DIR; };
		390666E41E89036800906A08 /* baiduMapDemoTests.m */ = {isa = PBXFileReference; lastKnownFileType = sourcecode.c.objc; path = baiduMapDemoTests.m; sourceTree = "<group>"; };
		390666E61E89036800906A08 /* Info.plist */ = {isa = PBXFileReference; lastKnownFileType = text.plist.xml; path = Info.plist; sourceTree = "<group>"; };
		390666EB1E89036800906A08 /* baiduMapDemoUITests.xctest */ = {isa = PBXFileReference; explicitFileType = wrapper.cfbundle; includeInIndex = 0; path = baiduMapDemoUITests.xctest; sourceTree = BUILT_PRODUCTS_DIR; };
		390666EF1E89036800906A08 /* baiduMapDemoUITests.m */ = {isa = PBXFileReference; lastKnownFileType = sourcecode.c.objc; path = baiduMapDemoUITests.m; sourceTree = "<group>"; };
		390666F11E89036800906A08 /* Info.plist */ = {isa = PBXFileReference; lastKnownFileType = text.plist.xml; path = Info.plist; sourceTree = "<group>"; };
		392CF44B1E97425A00443F42 /* SQCarLocationModel.h */ = {isa = PBXFileReference; fileEncoding = 4; lastKnownFileType = sourcecode.c.h; path = SQCarLocationModel.h; sourceTree = "<group>"; };
		392CF44C1E97425A00443F42 /* SQCarLocationModel.m */ = {isa = PBXFileReference; fileEncoding = 4; lastKnownFileType = sourcecode.c.objc; path = SQCarLocationModel.m; sourceTree = "<group>"; };
		392CF44E1E97425A00443F42 /* SQCarAnnotationView.h */ = {isa = PBXFileReference; fileEncoding = 4; lastKnownFileType = sourcecode.c.h; path = SQCarAnnotationView.h; sourceTree = "<group>"; };
		392CF44F1E97425A00443F42 /* SQCarAnnotationView.m */ = {isa = PBXFileReference; fileEncoding = 4; lastKnownFileType = sourcecode.c.objc; path = SQCarAnnotationView.m; sourceTree = "<group>"; };
		392CF4501E97425A00443F42 /* SQCustomPaoPaoView.h */ = {isa = PBXFileReference; fileEncoding = 4; lastKnownFileType = sourcecode.c.h; path = SQCustomPaoPaoView.h; sourceTree = "<group>"; };
		392CF4511E97425A00443F42 /* SQCustomPaoPaoView.m */ = {isa = PBXFileReference; fileEncoding = 4; lastKnownFileType = sourcecode.c.objc; path = SQCustomPaoPaoView.m; sourceTree = "<group>"; };
		392CF4591E9742B700443F42 /* ViewController.h */ = {isa = PBXFileReference; fileEncoding = 4; lastKnownFileType = sourcecode.c.h; path = ViewController.h; sourceTree = "<group>"; };
		392CF45A1E9742B700443F42 /* ViewController.m */ = {isa = PBXFileReference; fileEncoding = 4; lastKnownFileType = sourcecode.c.objc; path = ViewController.m; sourceTree = "<group>"; };
		392CF45E1E9742C800443F42 /* SQRoutePlanningVC.h */ = {isa = PBXFileReference; fileEncoding = 4; lastKnownFileType = sourcecode.c.h; path = SQRoutePlanningVC.h; sourceTree = "<group>"; };
		392CF45F1E9742C800443F42 /* SQRoutePlanningVC.m */ = {isa = PBXFileReference; fileEncoding = 4; lastKnownFileType = sourcecode.c.objc; path = SQRoutePlanningVC.m; sourceTree = "<group>"; };
		392CF4621E9742C800443F42 /* SQRouteAnnotation.h */ = {isa = PBXFileReference; fileEncoding = 4; lastKnownFileType = sourcecode.c.h; path = SQRouteAnnotation.h; sourceTree = "<group>"; };
		392CF4631E9742C800443F42 /* SQRouteAnnotation.m */ = {isa = PBXFileReference; fileEncoding = 4; lastKnownFileType = sourcecode.c.objc; path = SQRouteAnnotation.m; sourceTree = "<group>"; };
		392CF4641E9742C800443F42 /* SQRouteMapView.h */ = {isa = PBXFileReference; fileEncoding = 4; lastKnownFileType = sourcecode.c.h; path = SQRouteMapView.h; sourceTree = "<group>"; };
		392CF4651E9742C800443F42 /* SQRouteMapView.m */ = {isa = PBXFileReference; fileEncoding = 4; lastKnownFileType = sourcecode.c.objc; path = SQRouteMapView.m; sourceTree = "<group>"; };
		3939D51F1E9CAC94000FDD4B /* SQPOISearchVC.h */ = {isa = PBXFileReference; fileEncoding = 4; lastKnownFileType = sourcecode.c.h; path = SQPOISearchVC.h; sourceTree = "<group>"; };
		3939D5201E9CAC94000FDD4B /* SQPOISearchVC.m */ = {isa = PBXFileReference; fileEncoding = 4; lastKnownFileType = sourcecode.c.objc; path = SQPOISearchVC.m; sourceTree = "<group>"; };
		3939D5221E9CB2E8000FDD4B /* SQPOIModel.h */ = {isa = PBXFileReference; fileEncoding = 4; lastKnownFileType = sourcecode.c.h; path = SQPOIModel.h; sourceTree = "<group>"; };
		3939D5231E9CB2E8000FDD4B /* SQPOIModel.m */ = {isa = PBXFileReference; fileEncoding = 4; lastKnownFileType = sourcecode.c.objc; path = SQPOIModel.m; sourceTree = "<group>"; };
		3939D5251E9CB4BD000FDD4B /* SQSearchListView.h */ = {isa = PBXFileReference; fileEncoding = 4; lastKnownFileType = sourcecode.c.h; path = SQSearchListView.h; sourceTree = "<group>"; };
		3939D5261E9CB4BD000FDD4B /* SQSearchListView.m */ = {isa = PBXFileReference; fileEncoding = 4; lastKnownFileType = sourcecode.c.objc; path = SQSearchListView.m; sourceTree = "<group>"; };
		3939D5281E9CB4F1000FDD4B /* SQSelectAddressView.h */ = {isa = PBXFileReference; fileEncoding = 4; lastKnownFileType = sourcecode.c.h; path = SQSelectAddressView.h; sourceTree = "<group>"; };
		3939D5291E9CB4F1000FDD4B /* SQSelectAddressView.m */ = {isa = PBXFileReference; fileEncoding = 4; lastKnownFileType = sourcecode.c.objc; path = SQSelectAddressView.m; sourceTree = "<group>"; };
		3939D52B1E9CB730000FDD4B /* config.h */ = {isa = PBXFileReference; lastKnownFileType = sourcecode.c.h; path = config.h; sourceTree = "<group>"; };
		3939D52C1E9CB82F000FDD4B /* mapDemo.pch */ = {isa = PBXFileReference; lastKnownFileType = sourcecode.c.h; path = mapDemo.pch; sourceTree = "<group>"; };
		3939D52D1E9CCE28000FDD4B /* SQPOIHelper.h */ = {isa = PBXFileReference; fileEncoding = 4; lastKnownFileType = sourcecode.c.h; path = SQPOIHelper.h; sourceTree = "<group>"; };
		3939D52E1E9CCE28000FDD4B /* SQPOIHelper.m */ = {isa = PBXFileReference; fileEncoding = 4; lastKnownFileType = sourcecode.c.objc; path = SQPOIHelper.m; sourceTree = "<group>"; };
		3961ABC31E95DC370098E679 /* DrivingRoutePlan */ = {isa = PBXFileReference; lastKnownFileType = folder; name = DrivingRoutePlan; path = /Users/lijingjing/Desktop/baiduMapDemo/baiduMapDemo/DrivingRoutePlan; sourceTree = "<absolute>"; };
		39EE08DA1E8D0FE9000F5E89 /* carLocation.plist */ = {isa = PBXFileReference; fileEncoding = 4; lastKnownFileType = text.plist.xml; path = carLocation.plist; sourceTree = "<group>"; };
		52807E486327990157DCE016 /* libPods-baiduMapDemo.a */ = {isa = PBXFileReference; explicitFileType = archive.ar; includeInIndex = 0; path = "libPods-baiduMapDemo.a"; sourceTree = BUILT_PRODUCTS_DIR; };
		7D09A8E821CDDC29A1F391EC /* Pods-baiduMapDemo.release.xcconfig */ = {isa = PBXFileReference; includeInIndex = 1; lastKnownFileType = text.xcconfig; name = "Pods-baiduMapDemo.release.xcconfig"; path = "Pods/Target Support Files/Pods-baiduMapDemo/Pods-baiduMapDemo.release.xcconfig"; sourceTree = "<group>"; };
/* End PBXFileReference section */

/* Begin PBXFrameworksBuildPhase section */
		390666C41E89036800906A08 /* Frameworks */ = {
			isa = PBXFrameworksBuildPhase;
			buildActionMask = 2147483647;
			files = (
				C899DD3C969094C294A0766F /* libPods-baiduMapDemo.a in Frameworks */,
			);
			runOnlyForDeploymentPostprocessing = 0;
		};
		390666DD1E89036800906A08 /* Frameworks */ = {
			isa = PBXFrameworksBuildPhase;
			buildActionMask = 2147483647;
			files = (
			);
			runOnlyForDeploymentPostprocessing = 0;
		};
		390666E81E89036800906A08 /* Frameworks */ = {
			isa = PBXFrameworksBuildPhase;
			buildActionMask = 2147483647;
			files = (
			);
			runOnlyForDeploymentPostprocessing = 0;
		};
/* End PBXFrameworksBuildPhase section */

/* Begin PBXGroup section */
		176DDB658B759E510A18C874 /* Pods */ = {
			isa = PBXGroup;
			children = (
				1ADEC5F8041A422BC9B3592C /* Pods-baiduMapDemo.debug.xcconfig */,
				7D09A8E821CDDC29A1F391EC /* Pods-baiduMapDemo.release.xcconfig */,
			);
			name = Pods;
			sourceTree = "<group>";
		};
		390666BE1E89036800906A08 = {
			isa = PBXGroup;
			children = (
				390666C91E89036800906A08 /* baiduMapDemo */,
				390666E31E89036800906A08 /* baiduMapDemoTests */,
				390666EE1E89036800906A08 /* baiduMapDemoUITests */,
				390666C81E89036800906A08 /* Products */,
				176DDB658B759E510A18C874 /* Pods */,
				5B68385FB4BBF5C33E71D7CA /* Frameworks */,
			);
			sourceTree = "<group>";
		};
		390666C81E89036800906A08 /* Products */ = {
			isa = PBXGroup;
			children = (
				390666C71E89036800906A08 /* baiduMapDemo.app */,
				390666E01E89036800906A08 /* baiduMapDemoTests.xctest */,
				390666EB1E89036800906A08 /* baiduMapDemoUITests.xctest */,
			);
			name = Products;
			sourceTree = "<group>";
		};
		390666C91E89036800906A08 /* baiduMapDemo */ = {
			isa = PBXGroup;
			children = (
				392CF4581E9742B700443F42 /* home */,
				392CF45C1E9742C800443F42 /* DrivingRoutePlan */,
				3939D51B1E9CABE1000FDD4B /* POISearch */,
				392CF4491E97425A00443F42 /* common */,
				390666CD1E89036800906A08 /* AppDelegate.h */,
				390666CE1E89036800906A08 /* AppDelegate.m */,
				3939D52B1E9CB730000FDD4B /* config.h */,
				3939D52C1E9CB82F000FDD4B /* mapDemo.pch */,
				390666D31E89036800906A08 /* Main.storyboard */,
				390666D61E89036800906A08 /* Assets.xcassets */,
				390666D81E89036800906A08 /* LaunchScreen.storyboard */,
				390666DB1E89036800906A08 /* Info.plist */,
				39EE08DA1E8D0FE9000F5E89 /* carLocation.plist */,
				390666CA1E89036800906A08 /* Supporting Files */,
			);
			path = baiduMapDemo;
			sourceTree = "<group>";
		};
		390666CA1E89036800906A08 /* Supporting Files */ = {
			isa = PBXGroup;
			children = (
				390666CB1E89036800906A08 /* main.m */,
			);
			name = "Supporting Files";
			sourceTree = "<group>";
		};
		390666E31E89036800906A08 /* baiduMapDemoTests */ = {
			isa = PBXGroup;
			children = (
				390666E41E89036800906A08 /* baiduMapDemoTests.m */,
				390666E61E89036800906A08 /* Info.plist */,
			);
			path = baiduMapDemoTests;
			sourceTree = "<group>";
		};
		390666EE1E89036800906A08 /* baiduMapDemoUITests */ = {
			isa = PBXGroup;
			children = (
				390666EF1E89036800906A08 /* baiduMapDemoUITests.m */,
				390666F11E89036800906A08 /* Info.plist */,
			);
			path = baiduMapDemoUITests;
			sourceTree = "<group>";
		};
		392CF4491E97425A00443F42 /* common */ = {
			isa = PBXGroup;
			children = (
				392CF44A1E97425A00443F42 /* model */,
				392CF44D1E97425A00443F42 /* view */,
			);
			path = common;
			sourceTree = "<group>";
		};
		392CF44A1E97425A00443F42 /* model */ = {
			isa = PBXGroup;
			children = (
				392CF44B1E97425A00443F42 /* SQCarLocationModel.h */,
				392CF44C1E97425A00443F42 /* SQCarLocationModel.m */,
			);
			path = model;
			sourceTree = "<group>";
		};
		392CF44D1E97425A00443F42 /* view */ = {
			isa = PBXGroup;
			children = (
				392CF44E1E97425A00443F42 /* SQCarAnnotationView.h */,
				392CF44F1E97425A00443F42 /* SQCarAnnotationView.m */,
				392CF4501E97425A00443F42 /* SQCustomPaoPaoView.h */,
				392CF4511E97425A00443F42 /* SQCustomPaoPaoView.m */,
			);
			path = view;
			sourceTree = "<group>";
		};
		392CF4581E9742B700443F42 /* home */ = {
			isa = PBXGroup;
			children = (
				392CF4591E9742B700443F42 /* ViewController.h */,
				392CF45A1E9742B700443F42 /* ViewController.m */,
			);
			path = home;
			sourceTree = "<group>";
		};
		392CF45C1E9742C800443F42 /* DrivingRoutePlan */ = {
			isa = PBXGroup;
			children = (
				392CF45D1E9742C800443F42 /* Controller */,
				392CF4601E9742C800443F42 /* Model */,
				392CF4611E9742C800443F42 /* View */,
			);
			path = DrivingRoutePlan;
			sourceTree = "<group>";
		};
		392CF45D1E9742C800443F42 /* Controller */ = {
			isa = PBXGroup;
			children = (
				392CF45E1E9742C800443F42 /* SQRoutePlanningVC.h */,
				392CF45F1E9742C800443F42 /* SQRoutePlanningVC.m */,
			);
			path = Controller;
			sourceTree = "<group>";
		};
		392CF4601E9742C800443F42 /* Model */ = {
			isa = PBXGroup;
			children = (
			);
			path = Model;
			sourceTree = "<group>";
		};
		392CF4611E9742C800443F42 /* View */ = {
			isa = PBXGroup;
			children = (
				392CF4621E9742C800443F42 /* SQRouteAnnotation.h */,
				392CF4631E9742C800443F42 /* SQRouteAnnotation.m */,
				392CF4641E9742C800443F42 /* SQRouteMapView.h */,
				392CF4651E9742C800443F42 /* SQRouteMapView.m */,
				3939D5281E9CB4F1000FDD4B /* SQSelectAddressView.h */,
				3939D5291E9CB4F1000FDD4B /* SQSelectAddressView.m */,
			);
			path = View;
			sourceTree = "<group>";
		};
		3939D51B1E9CABE1000FDD4B /* POISearch */ = {
			isa = PBXGroup;
			children = (
				3939D51C1E9CABE1000FDD4B /* C */,
				3939D51D1E9CABE1000FDD4B /* M */,
				3939D51E1E9CABE1000FDD4B /* V */,
			);
			path = POISearch;
			sourceTree = "<group>";
		};
		3939D51C1E9CABE1000FDD4B /* C */ = {
			isa = PBXGroup;
			children = (
				3939D51F1E9CAC94000FDD4B /* SQPOISearchVC.h */,
				3939D5201E9CAC94000FDD4B /* SQPOISearchVC.m */,
			);
			path = C;
			sourceTree = "<group>";
		};
		3939D51D1E9CABE1000FDD4B /* M */ = {
			isa = PBXGroup;
			children = (
				3939D5221E9CB2E8000FDD4B /* SQPOIModel.h */,
				3939D5231E9CB2E8000FDD4B /* SQPOIModel.m */,
				3939D52D1E9CCE28000FDD4B /* SQPOIHelper.h */,
				3939D52E1E9CCE28000FDD4B /* SQPOIHelper.m */,
			);
			path = M;
			sourceTree = "<group>";
		};
		3939D51E1E9CABE1000FDD4B /* V */ = {
			isa = PBXGroup;
			children = (
				3939D5251E9CB4BD000FDD4B /* SQSearchListView.h */,
				3939D5261E9CB4BD000FDD4B /* SQSearchListView.m */,
			);
			path = V;
			sourceTree = "<group>";
		};
		5B68385FB4BBF5C33E71D7CA /* Frameworks */ = {
			isa = PBXGroup;
			children = (
				52807E486327990157DCE016 /* libPods-baiduMapDemo.a */,
			);
			name = Frameworks;
			sourceTree = "<group>";
		};
/* End PBXGroup section */

/* Begin PBXNativeTarget section */
		390666C61E89036800906A08 /* baiduMapDemo */ = {
			isa = PBXNativeTarget;
			buildConfigurationList = 390666F41E89036800906A08 /* Build configuration list for PBXNativeTarget "baiduMapDemo" */;
			buildPhases = (
				426FDEB136098FE9F9EB414F /* [CP] Check Pods Manifest.lock */,
				390666C31E89036800906A08 /* Sources */,
				390666C41E89036800906A08 /* Frameworks */,
				390666C51E89036800906A08 /* Resources */,
				696B366FB288FCEEFFC6E75B /* [CP] Embed Pods Frameworks */,
				02D5DDC215D16B446B861A8D /* [CP] Copy Pods Resources */,
			);
			buildRules = (
			);
			dependencies = (
			);
			name = baiduMapDemo;
			productName = baiduMapDemo;
			productReference = 390666C71E89036800906A08 /* baiduMapDemo.app */;
			productType = "com.apple.product-type.application";
		};
		390666DF1E89036800906A08 /* baiduMapDemoTests */ = {
			isa = PBXNativeTarget;
			buildConfigurationList = 390666F71E89036800906A08 /* Build configuration list for PBXNativeTarget "baiduMapDemoTests" */;
			buildPhases = (
				390666DC1E89036800906A08 /* Sources */,
				390666DD1E89036800906A08 /* Frameworks */,
				390666DE1E89036800906A08 /* Resources */,
			);
			buildRules = (
			);
			dependencies = (
				390666E21E89036800906A08 /* PBXTargetDependency */,
			);
			name = baiduMapDemoTests;
			productName = baiduMapDemoTests;
			productReference = 390666E01E89036800906A08 /* baiduMapDemoTests.xctest */;
			productType = "com.apple.product-type.bundle.unit-test";
		};
		390666EA1E89036800906A08 /* baiduMapDemoUITests */ = {
			isa = PBXNativeTarget;
			buildConfigurationList = 390666FA1E89036800906A08 /* Build configuration list for PBXNativeTarget "baiduMapDemoUITests" */;
			buildPhases = (
				390666E71E89036800906A08 /* Sources */,
				390666E81E89036800906A08 /* Frameworks */,
				390666E91E89036800906A08 /* Resources */,
			);
			buildRules = (
			);
			dependencies = (
				390666ED1E89036800906A08 /* PBXTargetDependency */,
			);
			name = baiduMapDemoUITests;
			productName = baiduMapDemoUITests;
			productReference = 390666EB1E89036800906A08 /* baiduMapDemoUITests.xctest */;
			productType = "com.apple.product-type.bundle.ui-testing";
		};
/* End PBXNativeTarget section */

/* Begin PBXProject section */
		390666BF1E89036800906A08 /* Project object */ = {
			isa = PBXProject;
			attributes = {
				LastUpgradeCheck = 0820;
				ORGANIZATIONNAME = "李景景";
				TargetAttributes = {
					390666C61E89036800906A08 = {
						CreatedOnToolsVersion = 8.2.1;
						ProvisioningStyle = Automatic;
					};
					390666DF1E89036800906A08 = {
						CreatedOnToolsVersion = 8.2.1;
						ProvisioningStyle = Automatic;
						TestTargetID = 390666C61E89036800906A08;
					};
					390666EA1E89036800906A08 = {
						CreatedOnToolsVersion = 8.2.1;
						ProvisioningStyle = Automatic;
						TestTargetID = 390666C61E89036800906A08;
					};
				};
			};
			buildConfigurationList = 390666C21E89036800906A08 /* Build configuration list for PBXProject "baiduMapDemo" */;
			compatibilityVersion = "Xcode 3.2";
			developmentRegion = English;
			hasScannedForEncodings = 0;
			knownRegions = (
				en,
				Base,
			);
			mainGroup = 390666BE1E89036800906A08;
			productRefGroup = 390666C81E89036800906A08 /* Products */;
			projectDirPath = "";
			projectRoot = "";
			targets = (
				390666C61E89036800906A08 /* baiduMapDemo */,
				390666DF1E89036800906A08 /* baiduMapDemoTests */,
				390666EA1E89036800906A08 /* baiduMapDemoUITests */,
			);
		};
/* End PBXProject section */

/* Begin PBXResourcesBuildPhase section */
		390666C51E89036800906A08 /* Resources */ = {
			isa = PBXResourcesBuildPhase;
			buildActionMask = 2147483647;
			files = (
				3961ABC41E95DC370098E679 /* DrivingRoutePlan in Resources */,
				390666DA1E89036800906A08 /* LaunchScreen.storyboard in Resources */,
				390666D71E89036800906A08 /* Assets.xcassets in Resources */,
				39EE08DB1E8D0FE9000F5E89 /* carLocation.plist in Resources */,
				390666D51E89036800906A08 /* Main.storyboard in Resources */,
			);
			runOnlyForDeploymentPostprocessing = 0;
		};
		390666DE1E89036800906A08 /* Resources */ = {
			isa = PBXResourcesBuildPhase;
			buildActionMask = 2147483647;
			files = (
			);
			runOnlyForDeploymentPostprocessing = 0;
		};
		390666E91E89036800906A08 /* Resources */ = {
			isa = PBXResourcesBuildPhase;
			buildActionMask = 2147483647;
			files = (
			);
			runOnlyForDeploymentPostprocessing = 0;
		};
/* End PBXResourcesBuildPhase section */

/* Begin PBXShellScriptBuildPhase section */
		02D5DDC215D16B446B861A8D /* [CP] Copy Pods Resources */ = {
			isa = PBXShellScriptBuildPhase;
			buildActionMask = 2147483647;
			files = (
			);
			inputPaths = (
			);
			name = "[CP] Copy Pods Resources";
			outputPaths = (
			);
			runOnlyForDeploymentPostprocessing = 0;
			shellPath = /bin/sh;
			shellScript = "\"${SRCROOT}/Pods/Target Support Files/Pods-baiduMapDemo/Pods-baiduMapDemo-resources.sh\"\n";
			showEnvVarsInLog = 0;
		};
		426FDEB136098FE9F9EB414F /* [CP] Check Pods Manifest.lock */ = {
			isa = PBXShellScriptBuildPhase;
			buildActionMask = 2147483647;
			files = (
			);
			inputPaths = (
			);
			name = "[CP] Check Pods Manifest.lock";
			outputPaths = (
			);
			runOnlyForDeploymentPostprocessing = 0;
			shellPath = /bin/sh;
			shellScript = "diff \"${PODS_ROOT}/../Podfile.lock\" \"${PODS_ROOT}/Manifest.lock\" > /dev/null\nif [ $? != 0 ] ; then\n    # print error to STDERR\n    echo \"error: The sandbox is not in sync with the Podfile.lock. Run 'pod install' or update your CocoaPods installation.\" >&2\n    exit 1\nfi\n";
			showEnvVarsInLog = 0;
		};
		696B366FB288FCEEFFC6E75B /* [CP] Embed Pods Frameworks */ = {
			isa = PBXShellScriptBuildPhase;
			buildActionMask = 2147483647;
			files = (
			);
			inputPaths = (
			);
			name = "[CP] Embed Pods Frameworks";
			outputPaths = (
			);
			runOnlyForDeploymentPostprocessing = 0;
			shellPath = /bin/sh;
			shellScript = "\"${SRCROOT}/Pods/Target Support Files/Pods-baiduMapDemo/Pods-baiduMapDemo-frameworks.sh\"\n";
			showEnvVarsInLog = 0;
		};
/* End PBXShellScriptBuildPhase section */

/* Begin PBXSourcesBuildPhase section */
		390666C31E89036800906A08 /* Sources */ = {
			isa = PBXSourcesBuildPhase;
			buildActionMask = 2147483647;
			files = (
				392CF45B1E9742B700443F42 /* ViewController.m in Sources */,
				392CF4661E9742C800443F42 /* SQRoutePlanningVC.m in Sources */,
				3939D52F1E9CCE28000FDD4B /* SQPOIHelper.m in Sources */,
				3939D52A1E9CB4F1000FDD4B /* SQSelectAddressView.m in Sources */,
				3939D5271E9CB4BD000FDD4B /* SQSearchListView.m in Sources */,
				392CF4531E97425A00443F42 /* SQCarAnnotationView.m in Sources */,
				3939D5211E9CAC94000FDD4B /* SQPOISearchVC.m in Sources */,
				392CF4521E97425A00443F42 /* SQCarLocationModel.m in Sources */,
				3939D5241E9CB2E8000FDD4B /* SQPOIModel.m in Sources */,
				392CF4681E9742C800443F42 /* SQRouteMapView.m in Sources */,
				392CF4671E9742C800443F42 /* SQRouteAnnotation.m in Sources */,
				390666CF1E89036800906A08 /* AppDelegate.m in Sources */,
				392CF4541E97425A00443F42 /* SQCustomPaoPaoView.m in Sources */,
				390666CC1E89036800906A08 /* main.m in Sources */,
			);
			runOnlyForDeploymentPostprocessing = 0;
		};
		390666DC1E89036800906A08 /* Sources */ = {
			isa = PBXSourcesBuildPhase;
			buildActionMask = 2147483647;
			files = (
				390666E51E89036800906A08 /* baiduMapDemoTests.m in Sources */,
			);
			runOnlyForDeploymentPostprocessing = 0;
		};
		390666E71E89036800906A08 /* Sources */ = {
			isa = PBXSourcesBuildPhase;
			buildActionMask = 2147483647;
			files = (
				390666F01E89036800906A08 /* baiduMapDemoUITests.m in Sources */,
			);
			runOnlyForDeploymentPostprocessing = 0;
		};
/* End PBXSourcesBuildPhase section */

/* Begin PBXTargetDependency section */
		390666E21E89036800906A08 /* PBXTargetDependency */ = {
			isa = PBXTargetDependency;
			target = 390666C61E89036800906A08 /* baiduMapDemo */;
			targetProxy = 390666E11E89036800906A08 /* PBXContainerItemProxy */;
		};
		390666ED1E89036800906A08 /* PBXTargetDependency */ = {
			isa = PBXTargetDependency;
			target = 390666C61E89036800906A08 /* baiduMapDemo */;
			targetProxy = 390666EC1E89036800906A08 /* PBXContainerItemProxy */;
		};
/* End PBXTargetDependency section */

/* Begin PBXVariantGroup section */
		390666D31E89036800906A08 /* Main.storyboard */ = {
			isa = PBXVariantGroup;
			children = (
				390666D41E89036800906A08 /* Base */,
			);
			name = Main.storyboard;
			sourceTree = "<group>";
		};
		390666D81E89036800906A08 /* LaunchScreen.storyboard */ = {
			isa = PBXVariantGroup;
			children = (
				390666D91E89036800906A08 /* Base */,
			);
			name = LaunchScreen.storyboard;
			sourceTree = "<group>";
		};
/* End PBXVariantGroup section */

/* Begin XCBuildConfiguration section */
		390666F21E89036800906A08 /* Debug */ = {
			isa = XCBuildConfiguration;
			buildSettings = {
				ALWAYS_SEARCH_USER_PATHS = NO;
				CLANG_ANALYZER_NONNULL = YES;
				CLANG_CXX_LANGUAGE_STANDARD = "gnu++0x";
				CLANG_CXX_LIBRARY = "libc++";
				CLANG_ENABLE_MODULES = YES;
				CLANG_ENABLE_OBJC_ARC = YES;
				CLANG_WARN_BOOL_CONVERSION = YES;
				CLANG_WARN_CONSTANT_CONVERSION = YES;
				CLANG_WARN_DIRECT_OBJC_ISA_USAGE = YES_ERROR;
				CLANG_WARN_DOCUMENTATION_COMMENTS = YES;
				CLANG_WARN_EMPTY_BODY = YES;
				CLANG_WARN_ENUM_CONVERSION = YES;
				CLANG_WARN_INFINITE_RECURSION = YES;
				CLANG_WARN_INT_CONVERSION = YES;
				CLANG_WARN_OBJC_ROOT_CLASS = YES_ERROR;
				CLANG_WARN_SUSPICIOUS_MOVE = YES;
				CLANG_WARN_UNREACHABLE_CODE = YES;
				CLANG_WARN__DUPLICATE_METHOD_MATCH = YES;
				"CODE_SIGN_IDENTITY[sdk=iphoneos*]" = "iPhone Developer";
				COPY_PHASE_STRIP = NO;
				DEBUG_INFORMATION_FORMAT = dwarf;
				ENABLE_STRICT_OBJC_MSGSEND = YES;
				ENABLE_TESTABILITY = YES;
				GCC_C_LANGUAGE_STANDARD = gnu99;
				GCC_DYNAMIC_NO_PIC = NO;
				GCC_NO_COMMON_BLOCKS = YES;
				GCC_OPTIMIZATION_LEVEL = 0;
				GCC_PREPROCESSOR_DEFINITIONS = (
					"DEBUG=1",
					"$(inherited)",
				);
				GCC_WARN_64_TO_32_BIT_CONVERSION = YES;
				GCC_WARN_ABOUT_RETURN_TYPE = YES_ERROR;
				GCC_WARN_UNDECLARED_SELECTOR = YES;
				GCC_WARN_UNINITIALIZED_AUTOS = YES_AGGRESSIVE;
				GCC_WARN_UNUSED_FUNCTION = YES;
				GCC_WARN_UNUSED_VARIABLE = YES;
				IPHONEOS_DEPLOYMENT_TARGET = 10.2;
				MTL_ENABLE_DEBUG_INFO = YES;
				ONLY_ACTIVE_ARCH = YES;
				SDKROOT = iphoneos;
				TARGETED_DEVICE_FAMILY = "1,2";
			};
			name = Debug;
		};
		390666F31E89036800906A08 /* Release */ = {
			isa = XCBuildConfiguration;
			buildSettings = {
				ALWAYS_SEARCH_USER_PATHS = NO;
				CLANG_ANALYZER_NONNULL = YES;
				CLANG_CXX_LANGUAGE_STANDARD = "gnu++0x";
				CLANG_CXX_LIBRARY = "libc++";
				CLANG_ENABLE_MODULES = YES;
				CLANG_ENABLE_OBJC_ARC = YES;
				CLANG_WARN_BOOL_CONVERSION = YES;
				CLANG_WARN_CONSTANT_CONVERSION = YES;
				CLANG_WARN_DIRECT_OBJC_ISA_USAGE = YES_ERROR;
				CLANG_WARN_DOCUMENTATION_COMMENTS = YES;
				CLANG_WARN_EMPTY_BODY = YES;
				CLANG_WARN_ENUM_CONVERSION = YES;
				CLANG_WARN_INFINITE_RECURSION = YES;
				CLANG_WARN_INT_CONVERSION = YES;
				CLANG_WARN_OBJC_ROOT_CLASS = YES_ERROR;
				CLANG_WARN_SUSPICIOUS_MOVE = YES;
				CLANG_WARN_UNREACHABLE_CODE = YES;
				CLANG_WARN__DUPLICATE_METHOD_MATCH = YES;
				"CODE_SIGN_IDENTITY[sdk=iphoneos*]" = "iPhone Developer";
				COPY_PHASE_STRIP = NO;
				DEBUG_INFORMATION_FORMAT = "dwarf-with-dsym";
				ENABLE_NS_ASSERTIONS = NO;
				ENABLE_STRICT_OBJC_MSGSEND = YES;
				GCC_C_LANGUAGE_STANDARD = gnu99;
				GCC_NO_COMMON_BLOCKS = YES;
				GCC_WARN_64_TO_32_BIT_CONVERSION = YES;
				GCC_WARN_ABOUT_RETURN_TYPE = YES_ERROR;
				GCC_WARN_UNDECLARED_SELECTOR = YES;
				GCC_WARN_UNINITIALIZED_AUTOS = YES_AGGRESSIVE;
				GCC_WARN_UNUSED_FUNCTION = YES;
				GCC_WARN_UNUSED_VARIABLE = YES;
				IPHONEOS_DEPLOYMENT_TARGET = 10.2;
				MTL_ENABLE_DEBUG_INFO = NO;
				SDKROOT = iphoneos;
				TARGETED_DEVICE_FAMILY = "1,2";
				VALIDATE_PRODUCT = YES;
			};
			name = Release;
		};
		390666F51E89036800906A08 /* Debug */ = {
			isa = XCBuildConfiguration;
			baseConfigurationReference = 1ADEC5F8041A422BC9B3592C /* Pods-baiduMapDemo.debug.xcconfig */;
			buildSettings = {
				ASSETCATALOG_COMPILER_APPICON_NAME = AppIcon;
				GCC_PRECOMPILE_PREFIX_HEADER = YES;
				GCC_PREFIX_HEADER = baiduMapDemo/mapDemo.pch;
				INFOPLIST_FILE = baiduMapDemo/Info.plist;
				LD_RUNPATH_SEARCH_PATHS = "$(inherited) @executable_path/Frameworks";
				PRODUCT_BUNDLE_IDENTIFIER = com.01zhuanche.taxipassenger.ShouYueTechnology;
				PRODUCT_NAME = "$(TARGET_NAME)";
			};
			name = Debug;
		};
		390666F61E89036800906A08 /* Release */ = {
			isa = XCBuildConfiguration;
			baseConfigurationReference = 7D09A8E821CDDC29A1F391EC /* Pods-baiduMapDemo.release.xcconfig */;
			buildSettings = {
				ASSETCATALOG_COMPILER_APPICON_NAME = AppIcon;
				GCC_PRECOMPILE_PREFIX_HEADER = YES;
				GCC_PREFIX_HEADER = baiduMapDemo/mapDemo.pch;
				INFOPLIST_FILE = baiduMapDemo/Info.plist;
				LD_RUNPATH_SEARCH_PATHS = "$(inherited) @executable_path/Frameworks";
				PRODUCT_BUNDLE_IDENTIFIER = com.01zhuanche.taxipassenger.ShouYueTechnology;
				PRODUCT_NAME = "$(TARGET_NAME)";
			};
			name = Release;
		};
		390666F81E89036800906A08 /* Debug */ = {
			isa = XCBuildConfiguration;
			buildSettings = {
				BUNDLE_LOADER = "$(TEST_HOST)";
				INFOPLIST_FILE = baiduMapDemoTests/Info.plist;
				LD_RUNPATH_SEARCH_PATHS = "$(inherited) @executable_path/Frameworks @loader_path/Frameworks";
				PRODUCT_BUNDLE_IDENTIFIER = com.baiduMapDemoTests;
				PRODUCT_NAME = "$(TARGET_NAME)";
				TEST_HOST = "$(BUILT_PRODUCTS_DIR)/baiduMapDemo.app/baiduMapDemo";
			};
			name = Debug;
		};
		390666F91E89036800906A08 /* Release */ = {
			isa = XCBuildConfiguration;
			buildSettings = {
				BUNDLE_LOADER = "$(TEST_HOST)";
				INFOPLIST_FILE = baiduMapDemoTests/Info.plist;
				LD_RUNPATH_SEARCH_PATHS = "$(inherited) @executable_path/Frameworks @loader_path/Frameworks";
				PRODUCT_BUNDLE_IDENTIFIER = com.baiduMapDemoTests;
				PRODUCT_NAME = "$(TARGET_NAME)";
				TEST_HOST = "$(BUILT_PRODUCTS_DIR)/baiduMapDemo.app/baiduMapDemo";
			};
			name = Release;
		};
		390666FB1E89036800906A08 /* Debug */ = {
			isa = XCBuildConfiguration;
			buildSettings = {
				INFOPLIST_FILE = baiduMapDemoUITests/Info.plist;
				LD_RUNPATH_SEARCH_PATHS = "$(inherited) @executable_path/Frameworks @loader_path/Frameworks";
				PRODUCT_BUNDLE_IDENTIFIER = com.baiduMapDemoUITests;
				PRODUCT_NAME = "$(TARGET_NAME)";
				TEST_TARGET_NAME = baiduMapDemo;
			};
			name = Debug;
		};
		390666FC1E89036800906A08 /* Release */ = {
			isa = XCBuildConfiguration;
			buildSettings = {
				INFOPLIST_FILE = baiduMapDemoUITests/Info.plist;
				LD_RUNPATH_SEARCH_PATHS = "$(inherited) @executable_path/Frameworks @loader_path/Frameworks";
				PRODUCT_BUNDLE_IDENTIFIER = com.baiduMapDemoUITests;
				PRODUCT_NAME = "$(TARGET_NAME)";
				TEST_TARGET_NAME = baiduMapDemo;
			};
			name = Release;
		};
/* End XCBuildConfiguration section */

/* Begin XCConfigurationList section */
		390666C21E89036800906A08 /* Build configuration list for PBXProject "baiduMapDemo" */ = {
			isa = XCConfigurationList;
			buildConfigurations = (
				390666F21E89036800906A08 /* Debug */,
				390666F31E89036800906A08 /* Release */,
			);
			defaultConfigurationIsVisible = 0;
			defaultConfigurationName = Release;
		};
		390666F41E89036800906A08 /* Build configuration list for PBXNativeTarget "baiduMapDemo" */ = {
			isa = XCConfigurationList;
			buildConfigurations = (
				390666F51E89036800906A08 /* Debug */,
				390666F61E89036800906A08 /* Release */,
			);
			defaultConfigurationIsVisible = 0;
			defaultConfigurationName = Release;
		};
		390666F71E89036800906A08 /* Build configuration list for PBXNativeTarget "baiduMapDemoTests" */ = {
			isa = XCConfigurationList;
			buildConfigurations = (
				390666F81E89036800906A08 /* Debug */,
				390666F91E89036800906A08 /* Release */,
			);
			defaultConfigurationIsVisible = 0;
			defaultConfigurationName = Release;
		};
		390666FA1E89036800906A08 /* Build configuration list for PBXNativeTarget "baiduMapDemoUITests" */ = {
			isa = XCConfigurationList;
			buildConfigurations = (
				390666FB1E89036800906A08 /* Debug */,
				390666FC1E89036800906A08 /* Release */,
			);
			defaultConfigurationIsVisible = 0;
			defaultConfigurationName = Release;
		};
/* End XCConfigurationList section */
	};
	rootObject = 390666BF1E89036800906A08 /* Project object */;
}
